
Microsoft Visual Studio Solution File, Format Version 12.00
# Visual Studio 15
VisualStudioVersion = 15.0.28010.2026
MinimumVisualStudioVersion = 10.0.40219.1
Project("{FAE04EC0-301F-11D3-BF4B-00C04F79EFBC}") = "DemoConsole02", "DemoConsole02\DemoConsole02.csproj", "{DB9339FC-EE52-4BEC-A730-0BFAF3ABEAE3}"
EndProject
Project("{FAE04EC0-301F-11D3-BF4B-00C04F79EFBC}") = "TestsUnitaires", "DemoConsole02\test\TestsUnitaires\TestsUnitaires.csproj", "{4E968296-8B77-4A97-B172-CC6FE03A413D}"
EndProject
Project("{FAE04EC0-301F-11D3-BF4B-00C04F79EFBC}") = "DemoConsole04", "DemoConsole04\DemoConsole04.csproj", "{11E8928A-3C63-4114-9191-634C943563BA}"
EndProject
Project("{FAE04EC0-301F-11D3-BF4B-00C04F79EFBC}") = "DemoConsole03", "DemoConsole03\DemoConsole03.csproj", "{3A94322E-1EA1-4896-AE9C-6E748FE7E1AB}"
EndProject
Project("{FAE04EC0-301F-11D3-BF4B-00C04F79EFBC}") = "DemoForms03", "DemoForms03\DemoForms03.csproj", "{26E10DF1-D3F1-486C-B5A4-D3094EDFE097}"
EndProject
Project("{FAE04EC0-301F-11D3-BF4B-00C04F79EFBC}") = "DemoConsole05", "DemoConsole05\DemoConsole05.csproj", "{134552D4-2C00-4DDD-B391-EAAE87778BAA}"
EndProject
Project("{FAE04EC0-301F-11D3-BF4B-00C04F79EFBC}") = "DemoConsole01", "..\ConsoleSolution\ConsoleSolution\DemoConsole01.csproj", "{C2470FB7-DB64-4D2C-B702-5776EFFA98F8}"
EndProject
Project("{FAE04EC0-301F-11D3-BF4B-00C04F79EFBC}") = "DemoWPF06", "DemoWPF06\DemoWPF06.csproj", "{D7F31638-A529-4F21-B3A7-CD717E34B994}"
EndProject
Project("{FAE04EC0-301F-11D3-BF4B-00C04F79EFBC}") = "DemoConsole07", "DemoConsole07\DemoConsole07.csproj", "{F2C3A1BC-8AC9-4C13-AC29-3EF2394A1974}"
EndProject
Project("{FAE04EC0-301F-11D3-BF4B-00C04F79EFBC}") = "DemoWPF09", "DemoWPF09\DemoWPF09.csproj", "{9A839C39-9FB6-41DD-A1AB-07B1C07A342F}"
EndProject
Project("{FAE04EC0-301F-11D3-BF4B-00C04F79EFBC}") = "DemoConsole10", "DemoConsole10\DemoConsole10.csproj", "{9EC7C1E7-C5CB-42B1-9345-FC995BAACFD5}"
EndProject
Project("{FAE04EC0-301F-11D3-BF4B-00C04F79EFBC}") = "DemoForms10", "DemoForms10\DemoForms10.csproj", "{A0AB5ADA-CAD9-488F-AC01-D3D54DF50FB3}"
EndProject
Project("{FAE04EC0-301F-11D3-BF4B-00C04F79EFBC}") = "DemoConsole11", "DemoConsole11\DemoConsole11.csproj", "{CA7D4FEB-A3D9-4419-B33A-B5CCE2457B42}"
EndProject
Global
	GlobalSection(SolutionConfigurationPlatforms) = preSolution
		Debug|Any CPU = Debug|Any CPU
		Release|Any CPU = Release|Any CPU
	EndGlobalSection
	GlobalSection(ProjectConfigurationPlatforms) = postSolution
		{DB9339FC-EE52-4BEC-A730-0BFAF3ABEAE3}.Debug|Any CPU.ActiveCfg = Debug|Any CPU
		{DB9339FC-EE52-4BEC-A730-0BFAF3ABEAE3}.Debug|Any CPU.Build.0 = Debug|Any CPU
		{DB9339FC-EE52-4BEC-A730-0BFAF3ABEAE3}.Release|Any CPU.ActiveCfg = Release|Any CPU
		{DB9339FC-EE52-4BEC-A730-0BFAF3ABEAE3}.Release|Any CPU.Build.0 = Release|Any CPU
		{4E968296-8B77-4A97-B172-CC6FE03A413D}.Debug|Any CPU.ActiveCfg = Debug|Any CPU
		{4E968296-8B77-4A97-B172-CC6FE03A413D}.Debug|Any CPU.Build.0 = Debug|Any CPU
		{4E968296-8B77-4A97-B172-CC6FE03A413D}.Release|Any CPU.ActiveCfg = Release|Any CPU
		{4E968296-8B77-4A97-B172-CC6FE03A413D}.Release|Any CPU.Build.0 = Release|Any CPU
		{11E8928A-3C63-4114-9191-634C943563BA}.Debug|Any CPU.ActiveCfg = Debug|Any CPU
		{11E8928A-3C63-4114-9191-634C943563BA}.Debug|Any CPU.Build.0 = Debug|Any CPU
		{11E8928A-3C63-4114-9191-634C943563BA}.Release|Any CPU.ActiveCfg = Release|Any CPU
		{11E8928A-3C63-4114-9191-634C943563BA}.Release|Any CPU.Build.0 = Release|Any CPU
		{3A94322E-1EA1-4896-AE9C-6E748FE7E1AB}.Debug|Any CPU.ActiveCfg = Debug|Any CPU
		{3A94322E-1EA1-4896-AE9C-6E748FE7E1AB}.Debug|Any CPU.Build.0 = Debug|Any CPU
		{3A94322E-1EA1-4896-AE9C-6E748FE7E1AB}.Release|Any CPU.ActiveCfg = Release|Any CPU
		{3A94322E-1EA1-4896-AE9C-6E748FE7E1AB}.Release|Any CPU.Build.0 = Release|Any CPU
		{26E10DF1-D3F1-486C-B5A4-D3094EDFE097}.Debug|Any CPU.ActiveCfg = Debug|Any CPU
		{26E10DF1-D3F1-486C-B5A4-D3094EDFE097}.Debug|Any CPU.Build.0 = Debug|Any CPU
		{26E10DF1-D3F1-486C-B5A4-D3094EDFE097}.Release|Any CPU.ActiveCfg = Release|Any CPU
		{26E10DF1-D3F1-486C-B5A4-D3094EDFE097}.Release|Any CPU.Build.0 = Release|Any CPU
		{134552D4-2C00-4DDD-B391-EAAE87778BAA}.Debug|Any CPU.ActiveCfg = Debug|Any CPU
		{134552D4-2C00-4DDD-B391-EAAE87778BAA}.Debug|Any CPU.Build.0 = Debug|Any CPU
		{134552D4-2C00-4DDD-B391-EAAE87778BAA}.Release|Any CPU.ActiveCfg = Release|Any CPU
		{134552D4-2C00-4DDD-B391-EAAE87778BAA}.Release|Any CPU.Build.0 = Release|Any CPU
		{C2470FB7-DB64-4D2C-B702-5776EFFA98F8}.Debug|Any CPU.ActiveCfg = Debug|Any CPU
		{C2470FB7-DB64-4D2C-B702-5776EFFA98F8}.Debug|Any CPU.Build.0 = Debug|Any CPU
		{C2470FB7-DB64-4D2C-B702-5776EFFA98F8}.Release|Any CPU.ActiveCfg = Release|Any CPU
		{C2470FB7-DB64-4D2C-B702-5776EFFA98F8}.Release|Any CPU.Build.0 = Release|Any CPU
		{D7F31638-A529-4F21-B3A7-CD717E34B994}.Debug|Any CPU.ActiveCfg = Debug|Any CPU
		{D7F31638-A529-4F21-B3A7-CD717E34B994}.Debug|Any CPU.Build.0 = Debug|Any CPU
		{D7F31638-A529-4F21-B3A7-CD717E34B994}.Release|Any CPU.ActiveCfg = Release|Any CPU
		{D7F31638-A529-4F21-B3A7-CD717E34B994}.Release|Any CPU.Build.0 = Release|Any CPU
		{F2C3A1BC-8AC9-4C13-AC29-3EF2394A1974}.Debug|Any CPU.ActiveCfg = Debug|Any CPU
		{F2C3A1BC-8AC9-4C13-AC29-3EF2394A1974}.Debug|Any CPU.Build.0 = Debug|Any CPU
		{F2C3A1BC-8AC9-4C13-AC29-3EF2394A1974}.Release|Any CPU.ActiveCfg = Release|Any CPU
		{F2C3A1BC-8AC9-4C13-AC29-3EF2394A1974}.Release|Any CPU.Build.0 = Release|Any CPU
		{9A839C39-9FB6-41DD-A1AB-07B1C07A342F}.Debug|Any CPU.ActiveCfg = Debug|Any CPU
		{9A839C39-9FB6-41DD-A1AB-07B1C07A342F}.Debug|Any CPU.Build.0 = Debug|Any CPU
		{9A839C39-9FB6-41DD-A1AB-07B1C07A342F}.Release|Any CPU.ActiveCfg = Release|Any CPU
		{9A839C39-9FB6-41DD-A1AB-07B1C07A342F}.Release|Any CPU.Build.0 = Release|Any CPU
		{9EC7C1E7-C5CB-42B1-9345-FC995BAACFD5}.Debug|Any CPU.ActiveCfg = Debug|Any CPU
		{9EC7C1E7-C5CB-42B1-9345-FC995BAACFD5}.Debug|Any CPU.Build.0 = Debug|Any CPU
		{9EC7C1E7-C5CB-42B1-9345-FC995BAACFD5}.Release|Any CPU.ActiveCfg = Release|Any CPU
		{9EC7C1E7-C5CB-42B1-9345-FC995BAACFD5}.Release|Any CPU.Build.0 = Release|Any CPU
		{A0AB5ADA-CAD9-488F-AC01-D3D54DF50FB3}.Debug|Any CPU.ActiveCfg = Debug|Any CPU
		{A0AB5ADA-CAD9-488F-AC01-D3D54DF50FB3}.Debug|Any CPU.Build.0 = Debug|Any CPU
		{A0AB5ADA-CAD9-488F-AC01-D3D54DF50FB3}.Release|Any CPU.ActiveCfg = Release|Any CPU
		{A0AB5ADA-CAD9-488F-AC01-D3D54DF50FB3}.Release|Any CPU.Build.0 = Release|Any CPU
		{CA7D4FEB-A3D9-4419-B33A-B5CCE2457B42}.Debug|Any CPU.ActiveCfg = Debug|Any CPU
		{CA7D4FEB-A3D9-4419-B33A-B5CCE2457B42}.Debug|Any CPU.Build.0 = Debug|Any CPU
		{CA7D4FEB-A3D9-4419-B33A-B5CCE2457B42}.Release|Any CPU.ActiveCfg = Release|Any CPU
		{CA7D4FEB-A3D9-4419-B33A-B5CCE2457B42}.Release|Any CPU.Build.0 = Release|Any CPU
	EndGlobalSection
	GlobalSection(SolutionProperties) = preSolution
		HideSolutionNode = FALSE
	EndGlobalSection
	GlobalSection(ExtensibilityGlobals) = postSolution
		SolutionGuid = {0D65F383-87BA-4A94-BAF9-1C98031DFCF4}
	EndGlobalSection
EndGlobal
